// !$*UTF8*$!
{
	archiveVersion = 1;
	classes = {
	};
	objectVersion = 77;
	objects = {

/* Begin PBXContainerItemProxy section */
		92D385032DAACF2000DF35F9 /* PBXContainerItemProxy */ = {
			isa = PBXContainerItemProxy;
			containerPortal = 92D384E92DAACF1C00DF35F9 /* Project object */;
			proxyType = 1;
			remoteGlobalIDString = 92D384F02DAACF1C00DF35F9;
			remoteInfo = SnackBar;
		};
		92D3850D2DAACF2000DF35F9 /* PBXContainerItemProxy */ = {
			isa = PBXContainerItemProxy;
			containerPortal = 92D384E92DAACF1C00DF35F9 /* Project object */;
			proxyType = 1;
			remoteGlobalIDString = 92D384F02DAACF1C00DF35F9;
			remoteInfo = SnackBar;
		};
/* End PBXContainerItemProxy section */

/* Begin PBXFileReference section */
		92D384F12DAACF1C00DF35F9 /* SnackBar.app */ = {isa = PBXFileReference; explicitFileType = wrapper.application; includeInIndex = 0; path = SnackBar.app; sourceTree = BUILT_PRODUCTS_DIR; };
		92D385022DAACF2000DF35F9 /* SnackBarTests.xctest */ = {isa = PBXFileReference; explicitFileType = wrapper.cfbundle; includeInIndex = 0; path = SnackBarTests.xctest; sourceTree = BUILT_PRODUCTS_DIR; };
		92D3850C2DAACF2000DF35F9 /* SnackBarUITests.xctest */ = {isa = PBXFileReference; explicitFileType = wrapper.cfbundle; includeInIndex = 0; path = SnackBarUITests.xctest; sourceTree = BUILT_PRODUCTS_DIR; };
/* End PBXFileReference section */

/* Begin PBXFileSystemSynchronizedRootGroup section */
		92D384F32DAACF1C00DF35F9 /* SnackBar */ = {
			isa = PBXFileSystemSynchronizedRootGroup;
			path = SnackBar;
			sourceTree = "<group>";
		};
		92D385052DAACF2000DF35F9 /* SnackBarTests */ = {
			isa = PBXFileSystemSynchronizedRootGroup;
			path = SnackBarTests;
			sourceTree = "<group>";
		};
		92D3850F2DAACF2000DF35F9 /* SnackBarUITests */ = {
			isa = PBXFileSystemSynchronizedRootGroup;
			path = SnackBarUITests;
			sourceTree = "<group>";
		};
/* End PBXFileSystemSynchronizedRootGroup section */

/* Begin PBXFrameworksBuildPhase section */
		92D384EE2DAACF1C00DF35F9 /* Frameworks */ = {
			isa = PBXFrameworksBuildPhase;
			buildActionMask = 2147483647;
			files = (
			);
			runOnlyForDeploymentPostprocessing = 0;
		};
		92D384FF2DAACF2000DF35F9 /* Frameworks */ = {
			isa = PBXFrameworksBuildPhase;
			buildActionMask = 2147483647;
			files = (
			);
			runOnlyForDeploymentPostprocessing = 0;
		};
		92D385092DAACF2000DF35F9 /* Frameworks */ = {
			isa = PBXFrameworksBuildPhase;
			buildActionMask = 2147483647;
			files = (
			);
			runOnlyForDeploymentPostprocessing = 0;
		};
/* End PBXFrameworksBuildPhase section */

/* Begin PBXGroup section */
		92D384E82DAACF1C00DF35F9 = {
			isa = PBXGroup;
			children = (
				92D384F32DAACF1C00DF35F9 /* SnackBar */,
				92D385052DAACF2000DF35F9 /* SnackBarTests */,
				92D3850F2DAACF2000DF35F9 /* SnackBarUITests */,
				92D384F22DAACF1C00DF35F9 /* Products */,
			);
			sourceTree = "<group>";
		};
		92D384F22DAACF1C00DF35F9 /* Products */ = {
			isa = PBXGroup;
			children = (
				92D384F12DAACF1C00DF35F9 /* SnackBar.app */,
				92D385022DAACF2000DF35F9 /* SnackBarTests.xctest */,
				92D3850C2DAACF2000DF35F9 /* SnackBarUITests.xctest */,
			);
			name = Products;
			sourceTree = "<group>";
		};
/* End PBXGroup section */

/* Begin PBXNativeTarget section */
		92D384F02DAACF1C00DF35F9 /* SnackBar */ = {
			isa = PBXNativeTarget;
			buildConfigurationList = 92D385162DAACF2000DF35F9 /* Build configuration list for PBXNativeTarget "SnackBar" */;
			buildPhases = (
				92D384ED2DAACF1C00DF35F9 /* Sources */,
				92D384EE2DAACF1C00DF35F9 /* Frameworks */,
				92D384EF2DAACF1C00DF35F9 /* Resources */,
			);
			buildRules = (
			);
			dependencies = (
			);
			fileSystemSynchronizedGroups = (
				92D384F32DAACF1C00DF35F9 /* SnackBar */,
			);
			name = SnackBar;
			packageProductDependencies = (
			);
			productName = SnackBar;
			productReference = 92D384F12DAACF1C00DF35F9 /* SnackBar.app */;
			productType = "com.apple.product-type.application";
		};
		92D385012DAACF2000DF35F9 /* SnackBarTests */ = {
			isa = PBXNativeTarget;
			buildConfigurationList = 92D385192DAACF2000DF35F9 /* Build configuration list for PBXNativeTarget "SnackBarTests" */;
			buildPhases = (
				92D384FE2DAACF2000DF35F9 /* Sources */,
				92D384FF2DAACF2000DF35F9 /* Frameworks */,
				92D385002DAACF2000DF35F9 /* Resources */,
			);
			buildRules = (
			);
			dependencies = (
				92D385042DAACF2000DF35F9 /* PBXTargetDependency */,
			);
			fileSystemSynchronizedGroups = (
				92D385052DAACF2000DF35F9 /* SnackBarTests */,
			);
			name = SnackBarTests;
			packageProductDependencies = (
			);
			productName = SnackBarTests;
			productReference = 92D385022DAACF2000DF35F9 /* SnackBarTests.xctest */;
			productType = "com.apple.product-type.bundle.unit-test";
		};
		92D3850B2DAACF2000DF35F9 /* SnackBarUITests */ = {
			isa = PBXNativeTarget;
			buildConfigurationList = 92D3851C2DAACF2000DF35F9 /* Build configuration list for PBXNativeTarget "SnackBarUITests" */;
			buildPhases = (
				92D385082DAACF2000DF35F9 /* Sources */,
				92D385092DAACF2000DF35F9 /* Frameworks */,
				92D3850A2DAACF2000DF35F9 /* Resources */,
			);
			buildRules = (
			);
			dependencies = (
				92D3850E2DAACF2000DF35F9 /* PBXTargetDependency */,
			);
			fileSystemSynchronizedGroups = (
				92D3850F2DAACF2000DF35F9 /* SnackBarUITests */,
			);
			name = SnackBarUITests;
			packageProductDependencies = (
			);
			productName = SnackBarUITests;
			productReference = 92D3850C2DAACF2000DF35F9 /* SnackBarUITests.xctest */;
			productType = "com.apple.product-type.bundle.ui-testing";
		};
/* End PBXNativeTarget section */

/* Begin PBXProject section */
		92D384E92DAACF1C00DF35F9 /* Project object */ = {
			isa = PBXProject;
			attributes = {
				BuildIndependentTargetsInParallel = 1;
				LastSwiftUpdateCheck = 1620;
				LastUpgradeCheck = 1620;
				TargetAttributes = {
					92D384F02DAACF1C00DF35F9 = {
						CreatedOnToolsVersion = 16.2;
					};
					92D385012DAACF2000DF35F9 = {
						CreatedOnToolsVersion = 16.2;
						TestTargetID = 92D384F02DAACF1C00DF35F9;
					};
					92D3850B2DAACF2000DF35F9 = {
						CreatedOnToolsVersion = 16.2;
						TestTargetID = 92D384F02DAACF1C00DF35F9;
					};
				};
			};
			buildConfigurationList = 92D384EC2DAACF1C00DF35F9 /* Build configuration list for PBXProject "SnackBar" */;
			developmentRegion = en;
			hasScannedForEncodings = 0;
			knownRegions = (
				en,
				Base,
			);
			mainGroup = 92D384E82DAACF1C00DF35F9;
			minimizedProjectReferenceProxies = 1;
			preferredProjectObjectVersion = 77;
			productRefGroup = 92D384F22DAACF1C00DF35F9 /* Products */;
			projectDirPath = "";
			projectRoot = "";
			targets = (
				92D384F02DAACF1C00DF35F9 /* SnackBar */,
				92D385012DAACF2000DF35F9 /* SnackBarTests */,
				92D3850B2DAACF2000DF35F9 /* SnackBarUITests */,
			);
		};
/* End PBXProject section */

/* Begin PBXResourcesBuildPhase section */
		92D384EF2DAACF1C00DF35F9 /* Resources */ = {
			isa = PBXResourcesBuildPhase;
			buildActionMask = 2147483647;
			files = (
			);
			runOnlyForDeploymentPostprocessing = 0;
		};
		92D385002DAACF2000DF35F9 /* Resources */ = {
			isa = PBXResourcesBuildPhase;
			buildActionMask = 2147483647;
			files = (
			);
			runOnlyForDeploymentPostprocessing = 0;
		};
		92D3850A2DAACF2000DF35F9 /* Resources */ = {
			isa = PBXResourcesBuildPhase;
			buildActionMask = 2147483647;
			files = (
			);
			runOnlyForDeploymentPostprocessing = 0;
		};
/* End PBXResourcesBuildPhase section */

/* Begin PBXSourcesBuildPhase section */
		92D384ED2DAACF1C00DF35F9 /* Sources */ = {
			isa = PBXSourcesBuildPhase;
			buildActionMask = 2147483647;
			files = (
			);
			runOnlyForDeploymentPostprocessing = 0;
		};
		92D384FE2DAACF2000DF35F9 /* Sources */ = {
			isa = PBXSourcesBuildPhase;
			buildActionMask = 2147483647;
			files = (
			);
			runOnlyForDeploymentPostprocessing = 0;
		};
		92D385082DAACF2000DF35F9 /* Sources */ = {
			isa = PBXSourcesBuildPhase;
			buildActionMask = 2147483647;
			files = (
			);
			runOnlyForDeploymentPostprocessing = 0;
		};
/* End PBXSourcesBuildPhase section */

/* Begin PBXTargetDependency section */
		92D385042DAACF2000DF35F9 /* PBXTargetDependency */ = {
			isa = PBXTargetDependency;
			target = 92D384F02DAACF1C00DF35F9 /* SnackBar */;
			targetProxy = 92D385032DAACF2000DF35F9 /* PBXContainerItemProxy */;
		};
		92D3850E2DAACF2000DF35F9 /* PBXTargetDependency */ = {
			isa = PBXTargetDependency;
			target = 92D384F02DAACF1C00DF35F9 /* SnackBar */;
			targetProxy = 92D3850D2DAACF2000DF35F9 /* PBXContainerItemProxy */;
		};
/* End PBXTargetDependency section */

/* Begin XCBuildConfiguration section */
		92D385142DAACF2000DF35F9 /* Debug */ = {
			isa = XCBuildConfiguration;
			buildSettings = {
				ALWAYS_SEARCH_USER_PATHS = NO;
				ASSETCATALOG_COMPILER_GENERATE_SWIFT_ASSET_SYMBOL_EXTENSIONS = YES;
				CLANG_ANALYZER_NONNULL = YES;
				CLANG_ANALYZER_NUMBER_OBJECT_CONVERSION = YES_AGGRESSIVE;
				CLANG_CXX_LANGUAGE_STANDARD = "gnu++20";
				CLANG_ENABLE_MODULES = YES;
				CLANG_ENABLE_OBJC_ARC = YES;
				CLANG_ENABLE_OBJC_WEAK = YES;
				CLANG_WARN_BLOCK_CAPTURE_AUTORELEASING = YES;
				CLANG_WARN_BOOL_CONVERSION = YES;
				CLANG_WARN_COMMA = YES;
				CLANG_WARN_CONSTANT_CONVERSION = YES;
				CLANG_WARN_DEPRECATED_OBJC_IMPLEMENTATIONS = YES;
				CLANG_WARN_DIRECT_OBJC_ISA_USAGE = YES_ERROR;
				CLANG_WARN_DOCUMENTATION_COMMENTS = YES;
				CLANG_WARN_EMPTY_BODY = YES;
				CLANG_WARN_ENUM_CONVERSION = YES;
				CLANG_WARN_INFINITE_RECURSION = YES;
				CLANG_WARN_INT_CONVERSION = YES;
				CLANG_WARN_NON_LITERAL_NULL_CONVERSION = YES;
				CLANG_WARN_OBJC_IMPLICIT_RETAIN_SELF = YES;
				CLANG_WARN_OBJC_LITERAL_CONVERSION = YES;
				CLANG_WARN_OBJC_ROOT_CLASS = YES_ERROR;
				CLANG_WARN_QUOTED_INCLUDE_IN_FRAMEWORK_HEADER = YES;
				CLANG_WARN_RANGE_LOOP_ANALYSIS = YES;
				CLANG_WARN_STRICT_PROTOTYPES = YES;
				CLANG_WARN_SUSPICIOUS_MOVE = YES;
				CLANG_WARN_UNGUARDED_AVAILABILITY = YES_AGGRESSIVE;
				CLANG_WARN_UNREACHABLE_CODE = YES;
				CLANG_WARN__DUPLICATE_METHOD_MATCH = YES;
				COPY_PHASE_STRIP = NO;
				DEBUG_INFORMATION_FORMAT = dwarf;
				ENABLE_STRICT_OBJC_MSGSEND = YES;
				ENABLE_TESTABILITY = YES;
				ENABLE_USER_SCRIPT_SANDBOXING = YES;
				GCC_C_LANGUAGE_STANDARD = gnu17;
				GCC_DYNAMIC_NO_PIC = NO;
				GCC_NO_COMMON_BLOCKS = YES;
				GCC_OPTIMIZATION_LEVEL = 0;
				GCC_PREPROCESSOR_DEFINITIONS = (
					"DEBUG=1",
					"$(inherited)",
				);
				GCC_WARN_64_TO_32_BIT_CONVERSION = YES;
				GCC_WARN_ABOUT_RETURN_TYPE = YES_ERROR;
				GCC_WARN_UNDECLARED_SELECTOR = YES;
				GCC_WARN_UNINITIALIZED_AUTOS = YES_AGGRESSIVE;
				GCC_WARN_UNUSED_FUNCTION = YES;
				GCC_WARN_UNUSED_VARIABLE = YES;
				LOCALIZATION_PREFERS_STRING_CATALOGS = YES;
				MACOSX_DEPLOYMENT_TARGET = 14.5;
				MTL_ENABLE_DEBUG_INFO = INCLUDE_SOURCE;
				MTL_FAST_MATH = YES;
				ONLY_ACTIVE_ARCH = YES;
				SDKROOT = macosx;
				SWIFT_ACTIVE_COMPILATION_CONDITIONS = "DEBUG $(inherited)";
				SWIFT_OPTIMIZATION_LEVEL = "-Onone";
			};
			name = Debug;
		};
		92D385152DAACF2000DF35F9 /* Release */ = {
			isa = XCBuildConfiguration;
			buildSettings = {
				ALWAYS_SEARCH_USER_PATHS = NO;
				ASSETCATALOG_COMPILER_GENERATE_SWIFT_ASSET_SYMBOL_EXTENSIONS = YES;
				CLANG_ANALYZER_NONNULL = YES;
				CLANG_ANALYZER_NUMBER_OBJECT_CONVERSION = YES_AGGRESSIVE;
				CLANG_CXX_LANGUAGE_STANDARD = "gnu++20";
				CLANG_ENABLE_MODULES = YES;
				CLANG_ENABLE_OBJC_ARC = YES;
				CLANG_ENABLE_OBJC_WEAK = YES;
				CLANG_WARN_BLOCK_CAPTURE_AUTORELEASING = YES;
				CLANG_WARN_BOOL_CONVERSION = YES;
				CLANG_WARN_COMMA = YES;
				CLANG_WARN_CONSTANT_CONVERSION = YES;
				CLANG_WARN_DEPRECATED_OBJC_IMPLEMENTATIONS = YES;
				CLANG_WARN_DIRECT_OBJC_ISA_USAGE = YES_ERROR;
				CLANG_WARN_DOCUMENTATION_COMMENTS = YES;
				CLANG_WARN_EMPTY_BODY = YES;
				CLANG_WARN_ENUM_CONVERSION = YES;
				CLANG_WARN_INFINITE_RECURSION = YES;
				CLANG_WARN_INT_CONVERSION = YES;
				CLANG_WARN_NON_LITERAL_NULL_CONVERSION = YES;
				CLANG_WARN_OBJC_IMPLICIT_RETAIN_SELF = YES;
				CLANG_WARN_OBJC_LITERAL_CONVERSION = YES;
				CLANG_WARN_OBJC_ROOT_CLASS = YES_ERROR;
				CLANG_WARN_QUOTED_INCLUDE_IN_FRAMEWORK_HEADER = YES;
				CLANG_WARN_RANGE_LOOP_ANALYSIS = YES;
				CLANG_WARN_STRICT_PROTOTYPES = YES;
				CLANG_WARN_SUSPICIOUS_MOVE = YES;
				CLANG_WARN_UNGUARDED_AVAILABILITY = YES_AGGRESSIVE;
				CLANG_WARN_UNREACHABLE_CODE = YES;
				CLANG_WARN__DUPLICATE_METHOD_MATCH = YES;
				COPY_PHASE_STRIP = NO;
				DEBUG_INFORMATION_FORMAT = "dwarf-with-dsym";
				ENABLE_NS_ASSERTIONS = NO;
				ENABLE_STRICT_OBJC_MSGSEND = YES;
				ENABLE_USER_SCRIPT_SANDBOXING = YES;
				GCC_C_LANGUAGE_STANDARD = gnu17;
				GCC_NO_COMMON_BLOCKS = YES;
				GCC_WARN_64_TO_32_BIT_CONVERSION = YES;
				GCC_WARN_ABOUT_RETURN_TYPE = YES_ERROR;
				GCC_WARN_UNDECLARED_SELECTOR = YES;
				GCC_WARN_UNINITIALIZED_AUTOS = YES_AGGRESSIVE;
				GCC_WARN_UNUSED_FUNCTION = YES;
				GCC_WARN_UNUSED_VARIABLE = YES;
				LOCALIZATION_PREFERS_STRING_CATALOGS = YES;
				MACOSX_DEPLOYMENT_TARGET = 14.5;
				MTL_ENABLE_DEBUG_INFO = NO;
				MTL_FAST_MATH = YES;
				SDKROOT = macosx;
				SWIFT_COMPILATION_MODE = wholemodule;
			};
			name = Release;
		};
		92D385172DAACF2000DF35F9 /* Debug */ = {
			isa = XCBuildConfiguration;
			buildSettings = {
				ASSETCATALOG_COMPILER_APPICON_NAME = AppIcon;
				ASSETCATALOG_COMPILER_GLOBAL_ACCENT_COLOR_NAME = AccentColor;
				CODE_SIGN_ENTITLEMENTS = SnackBar/SnackBar.entitlements;
				CODE_SIGN_STYLE = Automatic;
				COMBINE_HIDPI_IMAGES = YES;
				CURRENT_PROJECT_VERSION = 1;
				DEVELOPMENT_ASSET_PATHS = "\"SnackBar/Preview Content\"";
				DEVELOPMENT_TEAM = 9FZA9YGYCN;
				ENABLE_HARDENED_RUNTIME = YES;
				ENABLE_PREVIEWS = YES;
				GENERATE_INFOPLIST_FILE = YES;
				INFOPLIST_KEY_NSHumanReadableCopyright = "";
				LD_RUNPATH_SEARCH_PATHS = (
					"$(inherited)",
					"@executable_path/../Frameworks",
				);
				MARKETING_VERSION = 1.0;
				PRODUCT_BUNDLE_IDENTIFIER = com.ynjee.SnackBar;
				PRODUCT_NAME = "$(TARGET_NAME)";
				SWIFT_EMIT_LOC_STRINGS = YES;
				SWIFT_VERSION = 5.0;
			};
			name = Debug;
		};
		92D385182DAACF2000DF35F9 /* Release */ = {
			isa = XCBuildConfiguration;
			buildSettings = {
				ASSETCATALOG_COMPILER_APPICON_NAME = AppIcon;
				ASSETCATALOG_COMPILER_GLOBAL_ACCENT_COLOR_NAME = AccentColor;
				CODE_SIGN_ENTITLEMENTS = SnackBar/SnackBar.entitlements;
				CODE_SIGN_STYLE = Automatic;
				COMBINE_HIDPI_IMAGES = YES;
				CURRENT_PROJECT_VERSION = 1;
				DEVELOPMENT_ASSET_PATHS = "\"SnackBar/Preview Content\"";
				DEVELOPMENT_TEAM = 9FZA9YGYCN;
				ENABLE_HARDENED_RUNTIME = YES;
				ENABLE_PREVIEWS = YES;
				GENERATE_INFOPLIST_FILE = YES;
				INFOPLIST_KEY_NSHumanReadableCopyright = "";
				LD_RUNPATH_SEARCH_PATHS = (
					"$(inherited)",
					"@executable_path/../Frameworks",
				);
				MARKETING_VERSION = 1.0;
				PRODUCT_BUNDLE_IDENTIFIER = com.ynjee.SnackBar;
				PRODUCT_NAME = "$(TARGET_NAME)";
				SWIFT_EMIT_LOC_STRINGS = YES;
				SWIFT_VERSION = 5.0;
			};
			name = Release;
		};
		92D3851A2DAACF2000DF35F9 /* Debug */ = {
			isa = XCBuildConfiguration;
			buildSettings = {
				BUNDLE_LOADER = "$(TEST_HOST)";
				CODE_SIGN_STYLE = Automatic;
				CURRENT_PROJECT_VERSION = 1;
				DEVELOPMENT_TEAM = 9FZA9YGYCN;
				GENERATE_INFOPLIST_FILE = YES;
				MACOSX_DEPLOYMENT_TARGET = 14.5;
				MARKETING_VERSION = 1.0;
				PRODUCT_BUNDLE_IDENTIFIER = com.ynjee.SnackBarTests;
				PRODUCT_NAME = "$(TARGET_NAME)";
				SWIFT_EMIT_LOC_STRINGS = NO;
				SWIFT_VERSION = 5.0;
				TEST_HOST = "$(BUILT_PRODUCTS_DIR)/SnackBar.app/$(BUNDLE_EXECUTABLE_FOLDER_PATH)/SnackBar";
			};
			name = Debug;
		};
		92D3851B2DAACF2000DF35F9 /* Release */ = {
			isa = XCBuildConfiguration;
			buildSettings = {
				BUNDLE_LOADER = "$(TEST_HOST)";
				CODE_SIGN_STYLE = Automatic;
				CURRENT_PROJECT_VERSION = 1;
				DEVELOPMENT_TEAM = 9FZA9YGYCN;
				GENERATE_INFOPLIST_FILE = YES;
				MACOSX_DEPLOYMENT_TARGET = 14.5;
				MARKETING_VERSION = 1.0;
				PRODUCT_BUNDLE_IDENTIFIER = com.ynjee.SnackBarTests;
				PRODUCT_NAME = "$(TARGET_NAME)";
				SWIFT_EMIT_LOC_STRINGS = NO;
				SWIFT_VERSION = 5.0;
				TEST_HOST = "$(BUILT_PRODUCTS_DIR)/SnackBar.app/$(BUNDLE_EXECUTABLE_FOLDER_PATH)/SnackBar";
			};
			name = Release;
		};
		92D3851D2DAACF2000DF35F9 /* Debug */ = {
			isa = XCBuildConfiguration;
			buildSettings = {
				CODE_SIGN_STYLE = Automatic;
				CURRENT_PROJECT_VERSION = 1;
				DEVELOPMENT_TEAM = 9FZA9YGYCN;
				GENERATE_INFOPLIST_FILE = YES;
				MARKETING_VERSION = 1.0;
				PRODUCT_BUNDLE_IDENTIFIER = com.ynjee.SnackBarUITests;
				PRODUCT_NAME = "$(TARGET_NAME)";
				SWIFT_EMIT_LOC_STRINGS = NO;
				SWIFT_VERSION = 5.0;
				TEST_TARGET_NAME = SnackBar;
			};
			name = Debug;
		};
		92D3851E2DAACF2000DF35F9 /* Release */ = {
			isa = XCBuildConfiguration;
			buildSettings = {
				CODE_SIGN_STYLE = Automatic;
				CURRENT_PROJECT_VERSION = 1;
				DEVELOPMENT_TEAM = 9FZA9YGYCN;
				GENERATE_INFOPLIST_FILE = YES;
				MARKETING_VERSION = 1.0;
				PRODUCT_BUNDLE_IDENTIFIER = com.ynjee.SnackBarUITests;
				PRODUCT_NAME = "$(TARGET_NAME)";
				SWIFT_EMIT_LOC_STRINGS = NO;
				SWIFT_VERSION = 5.0;
				TEST_TARGET_NAME = SnackBar;
			};
			name = Release;
		};
/* End XCBuildConfiguration section */

/* Begin XCConfigurationList section */
		92D384EC2DAACF1C00DF35F9 /* Build configuration list for PBXProject "SnackBar" */ = {
			isa = XCConfigurationList;
			buildConfigurations = (
				92D385142DAACF2000DF35F9 /* Debug */,
				92D385152DAACF2000DF35F9 /* Release */,
			);
			defaultConfigurationIsVisible = 0;
			defaultConfigurationName = Release;
		};
		92D385162DAACF2000DF35F9 /* Build configuration list for PBXNativeTarget "SnackBar" */ = {
			isa = XCConfigurationList;
			buildConfigurations = (
				92D385172DAACF2000DF35F9 /* Debug */,
				92D385182DAACF2000DF35F9 /* Release */,
			);
			defaultConfigurationIsVisible = 0;
			defaultConfigurationName = Release;
		};
		92D385192DAACF2000DF35F9 /* Build configuration list for PBXNativeTarget "SnackBarTests" */ = {
			isa = XCConfigurationList;
			buildConfigurations = (
				92D3851A2DAACF2000DF35F9 /* Debug */,
				92D3851B2DAACF2000DF35F9 /* Release */,
			);
			defaultConfigurationIsVisible = 0;
			defaultConfigurationName = Release;
		};
		92D3851C2DAACF2000DF35F9 /* Build configuration list for PBXNativeTarget "SnackBarUITests" */ = {
			isa = XCConfigurationList;
			buildConfigurations = (
				92D3851D2DAACF2000DF35F9 /* Debug */,
				92D3851E2DAACF2000DF35F9 /* Release */,
			);
			defaultConfigurationIsVisible = 0;
			defaultConfigurationName = Release;
		};
/* End XCConfigurationList section */
	};
	rootObject = 92D384E92DAACF1C00DF35F9 /* Project object */;
}
